
Microsoft Visual Studio Solution File, Format Version 12.00
# Visual Studio Version 17
VisualStudioVersion = 17.10.34818.151
MinimumVisualStudioVersion = 10.0.40219.1
Project("{FAE04EC0-301F-11D3-BF4B-00C04F79EFBC}") = "CascadingDropDownProj", "CascadingDropDownProj\CascadingDropDownProj.csproj", "{11BDB9CE-2D8B-4A21-ADC4-7E62B7824935}"
EndProject
Global
	GlobalSection(SolutionConfigurationPlatforms) = preSolution
		Debug|Any CPU = Debug|Any CPU
		Release|Any CPU = Release|Any CPU
	EndGlobalSection
	GlobalSection(ProjectConfigurationPlatforms) = postSolution
		{11BDB9CE-2D8B-4A21-ADC4-7E62B7824935}.Debug|Any CPU.ActiveCfg = Debug|Any CPU
		{11BDB9CE-2D8B-4A21-ADC4-7E62B7824935}.Debug|Any CPU.Build.0 = Debug|Any CPU
		{11BDB9CE-2D8B-4A21-ADC4-7E62B7824935}.Release|Any CPU.ActiveCfg = Release|Any CPU
		{11BDB9CE-2D8B-4A21-ADC4-7E62B7824935}.Release|Any CPU.Build.0 = Release|Any CPU
	EndGlobalSection
	GlobalSection(SolutionProperties) = preSolution
		HideSolutionNode = FALSE
	EndGlobalSection
	GlobalSection(ExtensibilityGlobals) = postSolution
		SolutionGuid = {3D153E4D-69FA-46D3-A707-9E0A01EBC820}
	EndGlobalSection
EndGlobal
